# This file is automatically @generated by Cargo.
# It is not intended for manual editing.
[[package]]
name = "cc"
version = "1.0.54"
source = "registry+https://github.com/rust-lang/crates.io-index"
checksum = "7bbb73db36c1246e9034e307d0fba23f9a2e251faa47ade70c1bd252220c8311"

[[package]]
name = "hello-world"
version = "0.1.0"
dependencies = [
 "cc",
]
